
Microsoft Visual Studio Solution File, Format Version 12.00
# Visual Studio Version 16
VisualStudioVersion = 16.0.32630.194
MinimumVisualStudioVersion = 10.0.40219.1
Project("{FAE04EC0-301F-11D3-BF4B-00C04F79EFBC}") = "BussinessChatter", "BussinessChatter.csproj", "{019EE408-80ED-49E4-B909-BF3C994FBE50}"
EndProject
Global
	GlobalSection(SolutionConfigurationPlatforms) = preSolution
		Debug|Any CPU = Debug|Any CPU
		Release|Any CPU = Release|Any CPU
	EndGlobalSection
	GlobalSection(ProjectConfigurationPlatforms) = postSolution
		{019EE408-80ED-49E4-B909-BF3C994FBE50}.Debug|Any CPU.ActiveCfg = Debug|Any CPU
		{019EE408-80ED-49E4-B909-BF3C994FBE50}.Debug|Any CPU.Build.0 = Debug|Any CPU
		{019EE408-80ED-49E4-B909-BF3C994FBE50}.Release|Any CPU.ActiveCfg = Release|Any CPU
		{019EE408-80ED-49E4-B909-BF3C994FBE50}.Release|Any CPU.Build.0 = Release|Any CPU
	EndGlobalSection
	GlobalSection(SolutionProperties) = preSolution
		HideSolutionNode = FALSE
	EndGlobalSection
	GlobalSection(ExtensibilityGlobals) = postSolution
		SolutionGuid = {7F124C96-32AB-47EE-9905-83619B0EC728}
	EndGlobalSection
EndGlobal
